
Microsoft Visual Studio Solution File, Format Version 12.00
# Visual Studio Version 17
VisualStudioVersion = 17.5.33530.505
MinimumVisualStudioVersion = 10.0.40219.1
Project("{FAE04EC0-301F-11D3-BF4B-00C04F79EFBC}") = "ReadLine_and_WriteLine", "ReadLine_and_WriteLine.csproj", "{CA4760FC-A2C8-4B3B-8B13-7D4B9D2CF018}"
EndProject
Global
	GlobalSection(SolutionConfigurationPlatforms) = preSolution
		Debug|Any CPU = Debug|Any CPU
		Release|Any CPU = Release|Any CPU
	EndGlobalSection
	GlobalSection(ProjectConfigurationPlatforms) = postSolution
		{CA4760FC-A2C8-4B3B-8B13-7D4B9D2CF018}.Debug|Any CPU.ActiveCfg = Debug|Any CPU
		{CA4760FC-A2C8-4B3B-8B13-7D4B9D2CF018}.Debug|Any CPU.Build.0 = Debug|Any CPU
		{CA4760FC-A2C8-4B3B-8B13-7D4B9D2CF018}.Release|Any CPU.ActiveCfg = Release|Any CPU
		{CA4760FC-A2C8-4B3B-8B13-7D4B9D2CF018}.Release|Any CPU.Build.0 = Release|Any CPU
	EndGlobalSection
	GlobalSection(SolutionProperties) = preSolution
		HideSolutionNode = FALSE
	EndGlobalSection
	GlobalSection(ExtensibilityGlobals) = postSolution
		SolutionGuid = {CB0BD486-4F1E-4789-A0BE-702DF452E97F}
	EndGlobalSection
EndGlobal
